
Microsoft Visual Studio Solution File, Format Version 11.00
# Visual Studio 2010
Project("{FAE04EC0-301F-11D3-BF4B-00C04F79EFBC}") = "Mills.CodeKatas", "source\Mills.CodeKatas\Mills.CodeKatas.csproj", "{31294888-835B-4679-AC58-E95F9859D483}"
EndProject
Project("{FAE04EC0-301F-11D3-BF4B-00C04F79EFBC}") = "Mills.CodeKatas.Tests", "source\Mills.CodeKatas.Tests\Mills.CodeKatas.Tests.csproj", "{4F4366B4-0664-4C85-8261-C24B3E25F511}"
EndProject
Global
	GlobalSection(SolutionConfigurationPlatforms) = preSolution
		Debug|Any CPU = Debug|Any CPU
		Release|Any CPU = Release|Any CPU
	EndGlobalSection
	GlobalSection(ProjectConfigurationPlatforms) = postSolution
		{31294888-835B-4679-AC58-E95F9859D483}.Debug|Any CPU.ActiveCfg = Debug|Any CPU
		{31294888-835B-4679-AC58-E95F9859D483}.Debug|Any CPU.Build.0 = Debug|Any CPU
		{31294888-835B-4679-AC58-E95F9859D483}.Release|Any CPU.ActiveCfg = Release|Any CPU
		{31294888-835B-4679-AC58-E95F9859D483}.Release|Any CPU.Build.0 = Release|Any CPU
		{4F4366B4-0664-4C85-8261-C24B3E25F511}.Debug|Any CPU.ActiveCfg = Debug|Any CPU
		{4F4366B4-0664-4C85-8261-C24B3E25F511}.Debug|Any CPU.Build.0 = Debug|Any CPU
		{4F4366B4-0664-4C85-8261-C24B3E25F511}.Release|Any CPU.ActiveCfg = Release|Any CPU
		{4F4366B4-0664-4C85-8261-C24B3E25F511}.Release|Any CPU.Build.0 = Release|Any CPU
	EndGlobalSection
	GlobalSection(SolutionProperties) = preSolution
		HideSolutionNode = FALSE
	EndGlobalSection
EndGlobal
